
Microsoft Visual Studio Solution File, Format Version 12.00
# Visual Studio Version 17
VisualStudioVersion = 17.13.35818.85 d17.13
MinimumVisualStudioVersion = 10.0.40219.1
Project("{54A90642-561A-4BB1-A94E-469ADEE60C69}") = "thousand_miles.client", "thousand_miles.client\thousand_miles.client.esproj", "{58FD3521-A637-A6E7-7A82-FC23506709FC}"
EndProject
Project("{FAE04EC0-301F-11D3-BF4B-00C04F79EFBC}") = "Thousand_Miles.Server", "Thousand_Miles.Server\Thousand_Miles.Server.csproj", "{6C622E62-4F6C-4FB7-A849-C4C469C8BCC8}"
EndProject
Global
	GlobalSection(SolutionConfigurationPlatforms) = preSolution
		Debug|Any CPU = Debug|Any CPU
		Release|Any CPU = Release|Any CPU
	EndGlobalSection
	GlobalSection(ProjectConfigurationPlatforms) = postSolution
		{58FD3521-A637-A6E7-7A82-FC23506709FC}.Debug|Any CPU.ActiveCfg = Debug|Any CPU
		{58FD3521-A637-A6E7-7A82-FC23506709FC}.Debug|Any CPU.Build.0 = Debug|Any CPU
		{58FD3521-A637-A6E7-7A82-FC23506709FC}.Debug|Any CPU.Deploy.0 = Debug|Any CPU
		{58FD3521-A637-A6E7-7A82-FC23506709FC}.Release|Any CPU.ActiveCfg = Release|Any CPU
		{58FD3521-A637-A6E7-7A82-FC23506709FC}.Release|Any CPU.Build.0 = Release|Any CPU
		{58FD3521-A637-A6E7-7A82-FC23506709FC}.Release|Any CPU.Deploy.0 = Release|Any CPU
		{6C622E62-4F6C-4FB7-A849-C4C469C8BCC8}.Debug|Any CPU.ActiveCfg = Debug|Any CPU
		{6C622E62-4F6C-4FB7-A849-C4C469C8BCC8}.Debug|Any CPU.Build.0 = Debug|Any CPU
		{6C622E62-4F6C-4FB7-A849-C4C469C8BCC8}.Release|Any CPU.ActiveCfg = Release|Any CPU
		{6C622E62-4F6C-4FB7-A849-C4C469C8BCC8}.Release|Any CPU.Build.0 = Release|Any CPU
	EndGlobalSection
	GlobalSection(SolutionProperties) = preSolution
		HideSolutionNode = FALSE
	EndGlobalSection
	GlobalSection(ExtensibilityGlobals) = postSolution
		SolutionGuid = {1085C4F5-1965-4AF6-ADD7-BA538C0E647B}
	EndGlobalSection
EndGlobal
